// !$*UTF8*$!
{
	archiveVersion = 1;
	classes = {
	};
	objectVersion = 46;
	objects = {

/* Begin PBXBuildFile section */
		63A983D21DF0848B006753AE /* AppDelegate.swift in Sources */ = {isa = PBXBuildFile; fileRef = 63A983D11DF0848B006753AE /* AppDelegate.swift */; };
		63A983D41DF0848B006753AE /* ViewController.swift in Sources */ = {isa = PBXBuildFile; fileRef = 63A983D31DF0848B006753AE /* ViewController.swift */; };
		63A983D71DF0848B006753AE /* Main.storyboard in Resources */ = {isa = PBXBuildFile; fileRef = 63A983D51DF0848B006753AE /* Main.storyboard */; };
		63A983D91DF0848B006753AE /* Assets.xcassets in Resources */ = {isa = PBXBuildFile; fileRef = 63A983D81DF0848B006753AE /* Assets.xcassets */; };
		63A983DC1DF0848B006753AE /* LaunchScreen.storyboard in Resources */ = {isa = PBXBuildFile; fileRef = 63A983DA1DF0848B006753AE /* LaunchScreen.storyboard */; };
		63A983E41DF11511006753AE /* 520px-Cat_poster_1.jpg in Resources */ = {isa = PBXBuildFile; fileRef = 63A983E31DF11511006753AE /* 520px-Cat_poster_1.jpg */; };
/* End PBXBuildFile section */

/* Begin PBXFileReference section */
		63A983CE1DF0848B006753AE /* Hello World.app */ = {isa = PBXFileReference; explicitFileType = wrapper.application; includeInIndex = 0; path = "Hello World.app"; sourceTree = BUILT_PRODUCTS_DIR; };
		63A983D11DF0848B006753AE /* AppDelegate.swift */ = {isa = PBXFileReference; lastKnownFileType = sourcecode.swift; path = AppDelegate.swift; sourceTree = "<group>"; };
		63A983D31DF0848B006753AE /* ViewController.swift */ = {isa = PBXFileReference; lastKnownFileType = sourcecode.swift; path = ViewController.swift; sourceTree = "<group>"; };
		63A983D61DF0848B006753AE /* Base */ = {isa = PBXFileReference; lastKnownFileType = file.storyboard; name = Base; path = Base.lproj/Main.storyboard; sourceTree = "<group>"; };
		63A983D81DF0848B006753AE /* Assets.xcassets */ = {isa = PBXFileReference; lastKnownFileType = folder.assetcatalog; path = Assets.xcassets; sourceTree = "<group>"; };
		63A983DB1DF0848B006753AE /* Base */ = {isa = PBXFileReference; lastKnownFileType = file.storyboard; name = Base; path = Base.lproj/LaunchScreen.storyboard; sourceTree = "<group>"; };
		63A983DD1DF0848B006753AE /* Info.plist */ = {isa = PBXFileReference; lastKnownFileType = text.plist.xml; path = Info.plist; sourceTree = "<group>"; };
		63A983E31DF11511006753AE /* 520px-Cat_poster_1.jpg */ = {isa = PBXFileReference; lastKnownFileType = image.jpeg; path = "520px-Cat_poster_1.jpg"; sourceTree = "<group>"; };
/* End PBXFileReference section */

/* Begin PBXFrameworksBuildPhase section */
		63A983CB1DF0848A006753AE /* Frameworks */ = {
			isa = PBXFrameworksBuildPhase;
			buildActionMask = 2147483647;
			files = (
			);
			runOnlyForDeploymentPostprocessing = 0;
		};
/* End PBXFrameworksBuildPhase section */

/* Begin PBXGroup section */
		63A983C51DF0848A006753AE = {
			isa = PBXGroup;
			children = (
				63A983D01DF0848B006753AE /* Hello World */,
				63A983CF1DF0848B006753AE /* Products */,
			);
			sourceTree = "<group>";
		};
		63A983CF1DF0848B006753AE /* Products */ = {
			isa = PBXGroup;
			children = (
				63A983CE1DF0848B006753AE /* Hello World.app */,
			);
			name = Products;
			sourceTree = "<group>";
		};
		63A983D01DF0848B006753AE /* Hello World */ = {
			isa = PBXGroup;
			children = (
				63A983D11DF0848B006753AE /* AppDelegate.swift */,
				63A983D31DF0848B006753AE /* ViewController.swift */,
				63A983D51DF0848B006753AE /* Main.storyboard */,
				63A983E31DF11511006753AE /* 520px-Cat_poster_1.jpg */,
				63A983D81DF0848B006753AE /* Assets.xcassets */,
				63A983DA1DF0848B006753AE /* LaunchScreen.storyboard */,
				63A983DD1DF0848B006753AE /* Info.plist */,
			);
			path = "Hello World";
			sourceTree = "<group>";
		};
/* End PBXGroup section */

/* Begin PBXNativeTarget section */
		63A983CD1DF0848A006753AE /* Hello World */ = {
			isa = PBXNativeTarget;
			buildConfigurationList = 63A983E01DF0848B006753AE /* Build configuration list for PBXNativeTarget "Hello World" */;
			buildPhases = (
				63A983CA1DF0848A006753AE /* Sources */,
				63A983CB1DF0848A006753AE /* Frameworks */,
				63A983CC1DF0848A006753AE /* Resources */,
			);
			buildRules = (
			);
			dependencies = (
			);
			name = "Hello World";
			productName = "Hello World";
			productReference = 63A983CE1DF0848B006753AE /* Hello World.app */;
			productType = "com.apple.product-type.application";
		};
/* End PBXNativeTarget section */

/* Begin PBXProject section */
		63A983C61DF0848A006753AE /* Project object */ = {
			isa = PBXProject;
			attributes = {
				LastSwiftUpdateCheck = 0800;
				LastUpgradeCheck = 0800;
				ORGANIZATIONNAME = "David Koller";
				TargetAttributes = {
					63A983CD1DF0848A006753AE = {
						CreatedOnToolsVersion = 8.0;
						DevelopmentTeam = 23X65D5EG3;
						ProvisioningStyle = Automatic;
					};
				};
			};
			buildConfigurationList = 63A983C91DF0848A006753AE /* Build configuration list for PBXProject "Hello World" */;
			compatibilityVersion = "Xcode 3.2";
			developmentRegion = English;
			hasScannedForEncodings = 0;
			knownRegions = (
				en,
				Base,
			);
			mainGroup = 63A983C51DF0848A006753AE;
			productRefGroup = 63A983CF1DF0848B006753AE /* Products */;
			projectDirPath = "";
			projectRoot = "";
			targets = (
				63A983CD1DF0848A006753AE /* Hello World */,
			);
		};
/* End PBXProject section */

/* Begin PBXResourcesBuildPhase section */
		63A983CC1DF0848A006753AE /* Resources */ = {
			isa = PBXResourcesBuildPhase;
			buildActionMask = 2147483647;
			files = (
				63A983DC1DF0848B006753AE /* LaunchScreen.storyboard in Resources */,
				63A983E41DF11511006753AE /* 520px-Cat_poster_1.jpg in Resources */,
				63A983D91DF0848B006753AE /* Assets.xcassets in Resources */,
				63A983D71DF0848B006753AE /* Main.storyboard in Resources */,
			);
			runOnlyForDeploymentPostprocessing = 0;
		};
/* End PBXResourcesBuildPhase section */

/* Begin PBXSourcesBuildPhase section */
		63A983CA1DF0848A006753AE /* Sources */ = {
			isa = PBXSourcesBuildPhase;
			buildActionMask = 2147483647;
			files = (
				63A983D41DF0848B006753AE /* ViewController.swift in Sources */,
				63A983D21DF0848B006753AE /* AppDelegate.swift in Sources */,
			);
			runOnlyForDeploymentPostprocessing = 0;
		};
/* End PBXSourcesBuildPhase section */

/* Begin PBXVariantGroup section */
		63A983D51DF0848B006753AE /* Main.storyboard */ = {
			isa = PBXVariantGroup;
			children = (
				63A983D61DF0848B006753AE /* Base */,
			);
			name = Main.storyboard;
			sourceTree = "<group>";
		};
		63A983DA1DF0848B006753AE /* LaunchScreen.storyboard */ = {
			isa = PBXVariantGroup;
			children = (
				63A983DB1DF0848B006753AE /* Base */,
			);
			name = LaunchScreen.storyboard;
			sourceTree = "<group>";
		};
/* End PBXVariantGroup section */

/* Begin XCBuildConfiguration section */
		63A983DE1DF0848B006753AE /* Debug */ = {
			isa = XCBuildConfiguration;
			buildSettings = {
				ALWAYS_SEARCH_USER_PATHS = NO;
				CLANG_ANALYZER_NONNULL = YES;
				CLANG_CXX_LANGUAGE_STANDARD = "gnu++0x";
				CLANG_CXX_LIBRARY = "libc++";
				CLANG_ENABLE_MODULES = YES;
				CLANG_ENABLE_OBJC_ARC = YES;
				CLANG_WARN_BOOL_CONVERSION = YES;
				CLANG_WARN_CONSTANT_CONVERSION = YES;
				CLANG_WARN_DIRECT_OBJC_ISA_USAGE = YES_ERROR;
				CLANG_WARN_DOCUMENTATION_COMMENTS = YES;
				CLANG_WARN_EMPTY_BODY = YES;
				CLANG_WARN_ENUM_CONVERSION = YES;
				CLANG_WARN_INFINITE_RECURSION = YES;
				CLANG_WARN_INT_CONVERSION = YES;
				CLANG_WARN_OBJC_ROOT_CLASS = YES_ERROR;
				CLANG_WARN_SUSPICIOUS_MOVES = YES;
				CLANG_WARN_UNREACHABLE_CODE = YES;
				CLANG_WARN__DUPLICATE_METHOD_MATCH = YES;
				"CODE_SIGN_IDENTITY[sdk=iphoneos*]" = "iPhone Developer";
				COPY_PHASE_STRIP = NO;
				DEBUG_INFORMATION_FORMAT = dwarf;
				ENABLE_STRICT_OBJC_MSGSEND = YES;
				ENABLE_TESTABILITY = YES;
				GCC_C_LANGUAGE_STANDARD = gnu99;
				GCC_DYNAMIC_NO_PIC = NO;
				GCC_NO_COMMON_BLOCKS = YES;
				GCC_OPTIMIZATION_LEVEL = 0;
				GCC_PREPROCESSOR_DEFINITIONS = (
					"DEBUG=1",
					"$(inherited)",
				);
				GCC_WARN_64_TO_32_BIT_CONVERSION = YES;
				GCC_WARN_ABOUT_RETURN_TYPE = YES_ERROR;
				GCC_WARN_UNDECLARED_SELECTOR = YES;
				GCC_WARN_UNINITIALIZED_AUTOS = YES_AGGRESSIVE;
				GCC_WARN_UNUSED_FUNCTION = YES;
				GCC_WARN_UNUSED_VARIABLE = YES;
				IPHONEOS_DEPLOYMENT_TARGET = 10.0;
				MTL_ENABLE_DEBUG_INFO = YES;
				ONLY_ACTIVE_ARCH = YES;
				SDKROOT = iphoneos;
				SWIFT_ACTIVE_COMPILATION_CONDITIONS = DEBUG;
				SWIFT_OPTIMIZATION_LEVEL = "-Onone";
			};
			name = Debug;
		};
		63A983DF1DF0848B006753AE /* Release */ = {
			isa = XCBuildConfiguration;
			buildSettings = {
				ALWAYS_SEARCH_USER_PATHS = NO;
				CLANG_ANALYZER_NONNULL = YES;
				CLANG_CXX_LANGUAGE_STANDARD = "gnu++0x";
				CLANG_CXX_LIBRARY = "libc++";
				CLANG_ENABLE_MODULES = YES;
				CLANG_ENABLE_OBJC_ARC = YES;
				CLANG_WARN_BOOL_CONVERSION = YES;
				CLANG_WARN_CONSTANT_CONVERSION = YES;
				CLANG_WARN_DIRECT_OBJC_ISA_USAGE = YES_ERROR;
				CLANG_WARN_DOCUMENTATION_COMMENTS = YES;
				CLANG_WARN_EMPTY_BODY = YES;
				CLANG_WARN_ENUM_CONVERSION = YES;
				CLANG_WARN_INFINITE_RECURSION = YES;
				CLANG_WARN_INT_CONVERSION = YES;
				CLANG_WARN_OBJC_ROOT_CLASS = YES_ERROR;
				CLANG_WARN_SUSPICIOUS_MOVES = YES;
				CLANG_WARN_UNREACHABLE_CODE = YES;
				CLANG_WARN__DUPLICATE_METHOD_MATCH = YES;
				"CODE_SIGN_IDENTITY[sdk=iphoneos*]" = "iPhone Developer";
				COPY_PHASE_STRIP = NO;
				DEBUG_INFORMATION_FORMAT = "dwarf-with-dsym";
				ENABLE_NS_ASSERTIONS = NO;
				ENABLE_STRICT_OBJC_MSGSEND = YES;
				GCC_C_LANGUAGE_STANDARD = gnu99;
				GCC_NO_COMMON_BLOCKS = YES;
				GCC_WARN_64_TO_32_BIT_CONVERSION = YES;
				GCC_WARN_ABOUT_RETURN_TYPE = YES_ERROR;
				GCC_WARN_UNDECLARED_SELECTOR = YES;
				GCC_WARN_UNINITIALIZED_AUTOS = YES_AGGRESSIVE;
				GCC_WARN_UNUSED_FUNCTION = YES;
				GCC_WARN_UNUSED_VARIABLE = YES;
				IPHONEOS_DEPLOYMENT_TARGET = 10.0;
				MTL_ENABLE_DEBUG_INFO = NO;
				SDKROOT = iphoneos;
				SWIFT_OPTIMIZATION_LEVEL = "-Owholemodule";
				VALIDATE_PRODUCT = YES;
			};
			name = Release;
		};
		63A983E11DF0848B006753AE /* Debug */ = {
			isa = XCBuildConfiguration;
			buildSettings = {
				ASSETCATALOG_COMPILER_APPICON_NAME = AppIcon;
				DEVELOPMENT_TEAM = 23X65D5EG3;
				INFOPLIST_FILE = "Hello World/Info.plist";
				LD_RUNPATH_SEARCH_PATHS = "$(inherited) @executable_path/Frameworks";
				PRODUCT_BUNDLE_IDENTIFIER = "com.ExampleCourse.Hello-World";
				PRODUCT_NAME = "$(TARGET_NAME)";
				SWIFT_VERSION = 3.0;
			};
			name = Debug;
		};
		63A983E21DF0848B006753AE /* Release */ = {
			isa = XCBuildConfiguration;
			buildSettings = {
				ASSETCATALOG_COMPILER_APPICON_NAME = AppIcon;
				DEVELOPMENT_TEAM = 23X65D5EG3;
				INFOPLIST_FILE = "Hello World/Info.plist";
				LD_RUNPATH_SEARCH_PATHS = "$(inherited) @executable_path/Frameworks";
				PRODUCT_BUNDLE_IDENTIFIER = "com.ExampleCourse.Hello-World";
				PRODUCT_NAME = "$(TARGET_NAME)";
				SWIFT_VERSION = 3.0;
			};
			name = Release;
		};
/* End XCBuildConfiguration section */

/* Begin XCConfigurationList section */
		63A983C91DF0848A006753AE /* Build configuration list for PBXProject "Hello World" */ = {
			isa = XCConfigurationList;
			buildConfigurations = (
				63A983DE1DF0848B006753AE /* Debug */,
				63A983DF1DF0848B006753AE /* Release */,
			);
			defaultConfigurationIsVisible = 0;
			defaultConfigurationName = Release;
		};
		63A983E01DF0848B006753AE /* Build configuration list for PBXNativeTarget "Hello World" */ = {
			isa = XCConfigurationList;
			buildConfigurations = (
				63A983E11DF0848B006753AE /* Debug */,
				63A983E21DF0848B006753AE /* Release */,
			);
			defaultConfigurationIsVisible = 0;
		};
/* End XCConfigurationList section */
	};
	rootObject = 63A983C61DF0848A006753AE /* Project object */;
}
